// !$*UTF8*$!
{
	archiveVersion = 1;
	classes = {
	};
	objectVersion = 52;
	objects = {

/* Begin PBXBuildFile section */
		723B13C5251B1E460012859F /* playfab_loginApp.swift in Sources */ = {isa = PBXBuildFile; fileRef = 723B13C4251B1E460012859F /* playfab_loginApp.swift */; };
		723B13C7251B1E460012859F /* ContentView.swift in Sources */ = {isa = PBXBuildFile; fileRef = 723B13C6251B1E460012859F /* ContentView.swift */; };
		723B13C9251B1E470012859F /* Assets.xcassets in Resources */ = {isa = PBXBuildFile; fileRef = 723B13C8251B1E470012859F /* Assets.xcassets */; };
		723B13CC251B1E470012859F /* Preview Assets.xcassets in Resources */ = {isa = PBXBuildFile; fileRef = 723B13CB251B1E470012859F /* Preview Assets.xcassets */; };
		723B13D7251B1E470012859F /* playfab_loginTests.swift in Sources */ = {isa = PBXBuildFile; fileRef = 723B13D6251B1E470012859F /* playfab_loginTests.swift */; };
		723B13E2251B1E470012859F /* playfab_loginUITests.swift in Sources */ = {isa = PBXBuildFile; fileRef = 723B13E1251B1E470012859F /* playfab_loginUITests.swift */; };
		723B13FA251B294E0012859F /* FacebookLogin in Frameworks */ = {isa = PBXBuildFile; productRef = 723B13F9251B294E0012859F /* FacebookLogin */; };
		724B6336253186C900893108 /* Alamofire in Frameworks */ = {isa = PBXBuildFile; productRef = 724B6335253186C900893108 /* Alamofire */; };
/* End PBXBuildFile section */

/* Begin PBXContainerItemProxy section */
		723B13D3251B1E470012859F /* PBXContainerItemProxy */ = {
			isa = PBXContainerItemProxy;
			containerPortal = 723B13B9251B1E460012859F /* Project object */;
			proxyType = 1;
			remoteGlobalIDString = 723B13C0251B1E460012859F;
			remoteInfo = "playfab-login";
		};
		723B13DE251B1E470012859F /* PBXContainerItemProxy */ = {
			isa = PBXContainerItemProxy;
			containerPortal = 723B13B9251B1E460012859F /* Project object */;
			proxyType = 1;
			remoteGlobalIDString = 723B13C0251B1E460012859F;
			remoteInfo = "playfab-login";
		};
/* End PBXContainerItemProxy section */

/* Begin PBXFileReference section */
		723B13C1251B1E460012859F /* playfab-login.app */ = {isa = PBXFileReference; explicitFileType = wrapper.application; includeInIndex = 0; path = "playfab-login.app"; sourceTree = BUILT_PRODUCTS_DIR; };
		723B13C4251B1E460012859F /* playfab_loginApp.swift */ = {isa = PBXFileReference; lastKnownFileType = sourcecode.swift; path = playfab_loginApp.swift; sourceTree = "<group>"; };
		723B13C6251B1E460012859F /* ContentView.swift */ = {isa = PBXFileReference; lastKnownFileType = sourcecode.swift; path = ContentView.swift; sourceTree = "<group>"; };
		723B13C8251B1E470012859F /* Assets.xcassets */ = {isa = PBXFileReference; lastKnownFileType = folder.assetcatalog; path = Assets.xcassets; sourceTree = "<group>"; };
		723B13CB251B1E470012859F /* Preview Assets.xcassets */ = {isa = PBXFileReference; lastKnownFileType = folder.assetcatalog; path = "Preview Assets.xcassets"; sourceTree = "<group>"; };
		723B13CD251B1E470012859F /* Info.plist */ = {isa = PBXFileReference; lastKnownFileType = text.plist.xml; path = Info.plist; sourceTree = "<group>"; };
		723B13D2251B1E470012859F /* playfab-loginTests.xctest */ = {isa = PBXFileReference; explicitFileType = wrapper.cfbundle; includeInIndex = 0; path = "playfab-loginTests.xctest"; sourceTree = BUILT_PRODUCTS_DIR; };
		723B13D6251B1E470012859F /* playfab_loginTests.swift */ = {isa = PBXFileReference; lastKnownFileType = sourcecode.swift; path = playfab_loginTests.swift; sourceTree = "<group>"; };
		723B13D8251B1E470012859F /* Info.plist */ = {isa = PBXFileReference; lastKnownFileType = text.plist.xml; path = Info.plist; sourceTree = "<group>"; };
		723B13DD251B1E470012859F /* playfab-loginUITests.xctest */ = {isa = PBXFileReference; explicitFileType = wrapper.cfbundle; includeInIndex = 0; path = "playfab-loginUITests.xctest"; sourceTree = BUILT_PRODUCTS_DIR; };
		723B13E1251B1E470012859F /* playfab_loginUITests.swift */ = {isa = PBXFileReference; lastKnownFileType = sourcecode.swift; path = playfab_loginUITests.swift; sourceTree = "<group>"; };
		723B13E3251B1E470012859F /* Info.plist */ = {isa = PBXFileReference; lastKnownFileType = text.plist.xml; path = Info.plist; sourceTree = "<group>"; };
/* End PBXFileReference section */

/* Begin PBXFrameworksBuildPhase section */
		723B13BE251B1E460012859F /* Frameworks */ = {
			isa = PBXFrameworksBuildPhase;
			buildActionMask = 2147483647;
			files = (
				723B13FA251B294E0012859F /* FacebookLogin in Frameworks */,
				724B6336253186C900893108 /* Alamofire in Frameworks */,
			);
			runOnlyForDeploymentPostprocessing = 0;
		};
		723B13CF251B1E470012859F /* Frameworks */ = {
			isa = PBXFrameworksBuildPhase;
			buildActionMask = 2147483647;
			files = (
			);
			runOnlyForDeploymentPostprocessing = 0;
		};
		723B13DA251B1E470012859F /* Frameworks */ = {
			isa = PBXFrameworksBuildPhase;
			buildActionMask = 2147483647;
			files = (
			);
			runOnlyForDeploymentPostprocessing = 0;
		};
/* End PBXFrameworksBuildPhase section */

/* Begin PBXGroup section */
		723B13B8251B1E460012859F = {
			isa = PBXGroup;
			children = (
				723B13C3251B1E460012859F /* playfab-login */,
				723B13D5251B1E470012859F /* playfab-loginTests */,
				723B13E0251B1E470012859F /* playfab-loginUITests */,
				723B13C2251B1E460012859F /* Products */,
			);
			sourceTree = "<group>";
		};
		723B13C2251B1E460012859F /* Products */ = {
			isa = PBXGroup;
			children = (
				723B13C1251B1E460012859F /* playfab-login.app */,
				723B13D2251B1E470012859F /* playfab-loginTests.xctest */,
				723B13DD251B1E470012859F /* playfab-loginUITests.xctest */,
			);
			name = Products;
			sourceTree = "<group>";
		};
		723B13C3251B1E460012859F /* playfab-login */ = {
			isa = PBXGroup;
			children = (
				723B13C4251B1E460012859F /* playfab_loginApp.swift */,
				723B13C6251B1E460012859F /* ContentView.swift */,
				723B13C8251B1E470012859F /* Assets.xcassets */,
				723B13CD251B1E470012859F /* Info.plist */,
				723B13CA251B1E470012859F /* Preview Content */,
			);
			path = "playfab-login";
			sourceTree = "<group>";
		};
		723B13CA251B1E470012859F /* Preview Content */ = {
			isa = PBXGroup;
			children = (
				723B13CB251B1E470012859F /* Preview Assets.xcassets */,
			);
			path = "Preview Content";
			sourceTree = "<group>";
		};
		723B13D5251B1E470012859F /* playfab-loginTests */ = {
			isa = PBXGroup;
			children = (
				723B13D6251B1E470012859F /* playfab_loginTests.swift */,
				723B13D8251B1E470012859F /* Info.plist */,
			);
			path = "playfab-loginTests";
			sourceTree = "<group>";
		};
		723B13E0251B1E470012859F /* playfab-loginUITests */ = {
			isa = PBXGroup;
			children = (
				723B13E1251B1E470012859F /* playfab_loginUITests.swift */,
				723B13E3251B1E470012859F /* Info.plist */,
			);
			path = "playfab-loginUITests";
			sourceTree = "<group>";
		};
/* End PBXGroup section */

/* Begin PBXNativeTarget section */
		723B13C0251B1E460012859F /* playfab-login */ = {
			isa = PBXNativeTarget;
			buildConfigurationList = 723B13E6251B1E470012859F /* Build configuration list for PBXNativeTarget "playfab-login" */;
			buildPhases = (
				723B13BD251B1E460012859F /* Sources */,
				723B13BE251B1E460012859F /* Frameworks */,
				723B13BF251B1E460012859F /* Resources */,
			);
			buildRules = (
			);
			dependencies = (
			);
			name = "playfab-login";
			packageProductDependencies = (
				723B13F9251B294E0012859F /* FacebookLogin */,
				724B6335253186C900893108 /* Alamofire */,
			);
			productName = "playfab-login";
			productReference = 723B13C1251B1E460012859F /* playfab-login.app */;
			productType = "com.apple.product-type.application";
		};
		723B13D1251B1E470012859F /* playfab-loginTests */ = {
			isa = PBXNativeTarget;
			buildConfigurationList = 723B13E9251B1E470012859F /* Build configuration list for PBXNativeTarget "playfab-loginTests" */;
			buildPhases = (
				723B13CE251B1E470012859F /* Sources */,
				723B13CF251B1E470012859F /* Frameworks */,
				723B13D0251B1E470012859F /* Resources */,
			);
			buildRules = (
			);
			dependencies = (
				723B13D4251B1E470012859F /* PBXTargetDependency */,
			);
			name = "playfab-loginTests";
			productName = "playfab-loginTests";
			productReference = 723B13D2251B1E470012859F /* playfab-loginTests.xctest */;
			productType = "com.apple.product-type.bundle.unit-test";
		};
		723B13DC251B1E470012859F /* playfab-loginUITests */ = {
			isa = PBXNativeTarget;
			buildConfigurationList = 723B13EC251B1E470012859F /* Build configuration list for PBXNativeTarget "playfab-loginUITests" */;
			buildPhases = (
				723B13D9251B1E470012859F /* Sources */,
				723B13DA251B1E470012859F /* Frameworks */,
				723B13DB251B1E470012859F /* Resources */,
			);
			buildRules = (
			);
			dependencies = (
				723B13DF251B1E470012859F /* PBXTargetDependency */,
			);
			name = "playfab-loginUITests";
			productName = "playfab-loginUITests";
			productReference = 723B13DD251B1E470012859F /* playfab-loginUITests.xctest */;
			productType = "com.apple.product-type.bundle.ui-testing";
		};
/* End PBXNativeTarget section */

/* Begin PBXProject section */
		723B13B9251B1E460012859F /* Project object */ = {
			isa = PBXProject;
			attributes = {
				LastSwiftUpdateCheck = 1200;
				LastUpgradeCheck = 1200;
				TargetAttributes = {
					723B13C0251B1E460012859F = {
						CreatedOnToolsVersion = 12.0;
					};
					723B13D1251B1E470012859F = {
						CreatedOnToolsVersion = 12.0;
						TestTargetID = 723B13C0251B1E460012859F;
					};
					723B13DC251B1E470012859F = {
						CreatedOnToolsVersion = 12.0;
						TestTargetID = 723B13C0251B1E460012859F;
					};
				};
			};
			buildConfigurationList = 723B13BC251B1E460012859F /* Build configuration list for PBXProject "playfab-login" */;
			compatibilityVersion = "Xcode 9.3";
			developmentRegion = en;
			hasScannedForEncodings = 0;
			knownRegions = (
				en,
				Base,
			);
			mainGroup = 723B13B8251B1E460012859F;
			packageReferences = (
				723B13F8251B294E0012859F /* XCRemoteSwiftPackageReference "facebook-ios-sdk" */,
				724B6334253186C900893108 /* XCRemoteSwiftPackageReference "Alamofire" */,
			);
			productRefGroup = 723B13C2251B1E460012859F /* Products */;
			projectDirPath = "";
			projectRoot = "";
			targets = (
				723B13C0251B1E460012859F /* playfab-login */,
				723B13D1251B1E470012859F /* playfab-loginTests */,
				723B13DC251B1E470012859F /* playfab-loginUITests */,
			);
		};
/* End PBXProject section */

/* Begin PBXResourcesBuildPhase section */
		723B13BF251B1E460012859F /* Resources */ = {
			isa = PBXResourcesBuildPhase;
			buildActionMask = 2147483647;
			files = (
				723B13CC251B1E470012859F /* Preview Assets.xcassets in Resources */,
				723B13C9251B1E470012859F /* Assets.xcassets in Resources */,
			);
			runOnlyForDeploymentPostprocessing = 0;
		};
		723B13D0251B1E470012859F /* Resources */ = {
			isa = PBXResourcesBuildPhase;
			buildActionMask = 2147483647;
			files = (
			);
			runOnlyForDeploymentPostprocessing = 0;
		};
		723B13DB251B1E470012859F /* Resources */ = {
			isa = PBXResourcesBuildPhase;
			buildActionMask = 2147483647;
			files = (
			);
			runOnlyForDeploymentPostprocessing = 0;
		};
/* End PBXResourcesBuildPhase section */

/* Begin PBXSourcesBuildPhase section */
		723B13BD251B1E460012859F /* Sources */ = {
			isa = PBXSourcesBuildPhase;
			buildActionMask = 2147483647;
			files = (
				723B13C7251B1E460012859F /* ContentView.swift in Sources */,
				723B13C5251B1E460012859F /* playfab_loginApp.swift in Sources */,
			);
			runOnlyForDeploymentPostprocessing = 0;
		};
		723B13CE251B1E470012859F /* Sources */ = {
			isa = PBXSourcesBuildPhase;
			buildActionMask = 2147483647;
			files = (
				723B13D7251B1E470012859F /* playfab_loginTests.swift in Sources */,
			);
			runOnlyForDeploymentPostprocessing = 0;
		};
		723B13D9251B1E470012859F /* Sources */ = {
			isa = PBXSourcesBuildPhase;
			buildActionMask = 2147483647;
			files = (
				723B13E2251B1E470012859F /* playfab_loginUITests.swift in Sources */,
			);
			runOnlyForDeploymentPostprocessing = 0;
		};
/* End PBXSourcesBuildPhase section */

/* Begin PBXTargetDependency section */
		723B13D4251B1E470012859F /* PBXTargetDependency */ = {
			isa = PBXTargetDependency;
			target = 723B13C0251B1E460012859F /* playfab-login */;
			targetProxy = 723B13D3251B1E470012859F /* PBXContainerItemProxy */;
		};
		723B13DF251B1E470012859F /* PBXTargetDependency */ = {
			isa = PBXTargetDependency;
			target = 723B13C0251B1E460012859F /* playfab-login */;
			targetProxy = 723B13DE251B1E470012859F /* PBXContainerItemProxy */;
		};
/* End PBXTargetDependency section */

/* Begin XCBuildConfiguration section */
		723B13E4251B1E470012859F /* Debug */ = {
			isa = XCBuildConfiguration;
			buildSettings = {
				ALWAYS_SEARCH_USER_PATHS = NO;
				CLANG_ANALYZER_NONNULL = YES;
				CLANG_ANALYZER_NUMBER_OBJECT_CONVERSION = YES_AGGRESSIVE;
				CLANG_CXX_LANGUAGE_STANDARD = "gnu++14";
				CLANG_CXX_LIBRARY = "libc++";
				CLANG_ENABLE_MODULES = YES;
				CLANG_ENABLE_OBJC_ARC = YES;
				CLANG_ENABLE_OBJC_WEAK = YES;
				CLANG_WARN_BLOCK_CAPTURE_AUTORELEASING = YES;
				CLANG_WARN_BOOL_CONVERSION = YES;
				CLANG_WARN_COMMA = YES;
				CLANG_WARN_CONSTANT_CONVERSION = YES;
				CLANG_WARN_DEPRECATED_OBJC_IMPLEMENTATIONS = YES;
				CLANG_WARN_DIRECT_OBJC_ISA_USAGE = YES_ERROR;
				CLANG_WARN_DOCUMENTATION_COMMENTS = YES;
				CLANG_WARN_EMPTY_BODY = YES;
				CLANG_WARN_ENUM_CONVERSION = YES;
				CLANG_WARN_INFINITE_RECURSION = YES;
				CLANG_WARN_INT_CONVERSION = YES;
				CLANG_WARN_NON_LITERAL_NULL_CONVERSION = YES;
				CLANG_WARN_OBJC_IMPLICIT_RETAIN_SELF = YES;
				CLANG_WARN_OBJC_LITERAL_CONVERSION = YES;
				CLANG_WARN_OBJC_ROOT_CLASS = YES_ERROR;
				CLANG_WARN_QUOTED_INCLUDE_IN_FRAMEWORK_HEADER = YES;
				CLANG_WARN_RANGE_LOOP_ANALYSIS = YES;
				CLANG_WARN_STRICT_PROTOTYPES = YES;
				CLANG_WARN_SUSPICIOUS_MOVE = YES;
				CLANG_WARN_UNGUARDED_AVAILABILITY = YES_AGGRESSIVE;
				CLANG_WARN_UNREACHABLE_CODE = YES;
				CLANG_WARN__DUPLICATE_METHOD_MATCH = YES;
				COPY_PHASE_STRIP = NO;
				DEBUG_INFORMATION_FORMAT = dwarf;
				ENABLE_STRICT_OBJC_MSGSEND = YES;
				ENABLE_TESTABILITY = YES;
				GCC_C_LANGUAGE_STANDARD = gnu11;
				GCC_DYNAMIC_NO_PIC = NO;
				GCC_NO_COMMON_BLOCKS = YES;
				GCC_OPTIMIZATION_LEVEL = 0;
				GCC_PREPROCESSOR_DEFINITIONS = (
					"DEBUG=1",
					"$(inherited)",
				);
				GCC_WARN_64_TO_32_BIT_CONVERSION = YES;
				GCC_WARN_ABOUT_RETURN_TYPE = YES_ERROR;
				GCC_WARN_UNDECLARED_SELECTOR = YES;
				GCC_WARN_UNINITIALIZED_AUTOS = YES_AGGRESSIVE;
				GCC_WARN_UNUSED_FUNCTION = YES;
				GCC_WARN_UNUSED_VARIABLE = YES;
				IPHONEOS_DEPLOYMENT_TARGET = 14.0;
				MTL_ENABLE_DEBUG_INFO = INCLUDE_SOURCE;
				MTL_FAST_MATH = YES;
				ONLY_ACTIVE_ARCH = YES;
				SDKROOT = iphoneos;
				SWIFT_ACTIVE_COMPILATION_CONDITIONS = DEBUG;
				SWIFT_OPTIMIZATION_LEVEL = "-Onone";
			};
			name = Debug;
		};
		723B13E5251B1E470012859F /* Release */ = {
			isa = XCBuildConfiguration;
			buildSettings = {
				ALWAYS_SEARCH_USER_PATHS = NO;
				CLANG_ANALYZER_NONNULL = YES;
				CLANG_ANALYZER_NUMBER_OBJECT_CONVERSION = YES_AGGRESSIVE;
				CLANG_CXX_LANGUAGE_STANDARD = "gnu++14";
				CLANG_CXX_LIBRARY = "libc++";
				CLANG_ENABLE_MODULES = YES;
				CLANG_ENABLE_OBJC_ARC = YES;
				CLANG_ENABLE_OBJC_WEAK = YES;
				CLANG_WARN_BLOCK_CAPTURE_AUTORELEASING = YES;
				CLANG_WARN_BOOL_CONVERSION = YES;
				CLANG_WARN_COMMA = YES;
				CLANG_WARN_CONSTANT_CONVERSION = YES;
				CLANG_WARN_DEPRECATED_OBJC_IMPLEMENTATIONS = YES;
				CLANG_WARN_DIRECT_OBJC_ISA_USAGE = YES_ERROR;
				CLANG_WARN_DOCUMENTATION_COMMENTS = YES;
				CLANG_WARN_EMPTY_BODY = YES;
				CLANG_WARN_ENUM_CONVERSION = YES;
				CLANG_WARN_INFINITE_RECURSION = YES;
				CLANG_WARN_INT_CONVERSION = YES;
				CLANG_WARN_NON_LITERAL_NULL_CONVERSION = YES;
				CLANG_WARN_OBJC_IMPLICIT_RETAIN_SELF = YES;
				CLANG_WARN_OBJC_LITERAL_CONVERSION = YES;
				CLANG_WARN_OBJC_ROOT_CLASS = YES_ERROR;
				CLANG_WARN_QUOTED_INCLUDE_IN_FRAMEWORK_HEADER = YES;
				CLANG_WARN_RANGE_LOOP_ANALYSIS = YES;
				CLANG_WARN_STRICT_PROTOTYPES = YES;
				CLANG_WARN_SUSPICIOUS_MOVE = YES;
				CLANG_WARN_UNGUARDED_AVAILABILITY = YES_AGGRESSIVE;
				CLANG_WARN_UNREACHABLE_CODE = YES;
				CLANG_WARN__DUPLICATE_METHOD_MATCH = YES;
				COPY_PHASE_STRIP = NO;
				DEBUG_INFORMATION_FORMAT = "dwarf-with-dsym";
				ENABLE_NS_ASSERTIONS = NO;
				ENABLE_STRICT_OBJC_MSGSEND = YES;
				GCC_C_LANGUAGE_STANDARD = gnu11;
				GCC_NO_COMMON_BLOCKS = YES;
				GCC_WARN_64_TO_32_BIT_CONVERSION = YES;
				GCC_WARN_ABOUT_RETURN_TYPE = YES_ERROR;
				GCC_WARN_UNDECLARED_SELECTOR = YES;
				GCC_WARN_UNINITIALIZED_AUTOS = YES_AGGRESSIVE;
				GCC_WARN_UNUSED_FUNCTION = YES;
				GCC_WARN_UNUSED_VARIABLE = YES;
				IPHONEOS_DEPLOYMENT_TARGET = 14.0;
				MTL_ENABLE_DEBUG_INFO = NO;
				MTL_FAST_MATH = YES;
				SDKROOT = iphoneos;
				SWIFT_COMPILATION_MODE = wholemodule;
				SWIFT_OPTIMIZATION_LEVEL = "-O";
				VALIDATE_PRODUCT = YES;
			};
			name = Release;
		};
		723B13E7251B1E470012859F /* Debug */ = {
			isa = XCBuildConfiguration;
			buildSettings = {
				ASSETCATALOG_COMPILER_APPICON_NAME = AppIcon;
				ASSETCATALOG_COMPILER_GLOBAL_ACCENT_COLOR_NAME = AccentColor;
				CODE_SIGN_STYLE = Automatic;
				DEVELOPMENT_ASSET_PATHS = "\"playfab-login/Preview Content\"";
				DEVELOPMENT_TEAM = F7H2MU2G5P;
				ENABLE_PREVIEWS = YES;
				INFOPLIST_FILE = "playfab-login/Info.plist";
				IPHONEOS_DEPLOYMENT_TARGET = 14.0;
				LD_RUNPATH_SEARCH_PATHS = (
					"$(inherited)",
					"@executable_path/Frameworks",
				);
				PRODUCT_BUNDLE_IDENTIFIER = "serika.playfab-login";
				PRODUCT_NAME = "$(TARGET_NAME)";
				SWIFT_VERSION = 5.0;
				TARGETED_DEVICE_FAMILY = "1,2";
			};
			name = Debug;
		};
		723B13E8251B1E470012859F /* Release */ = {
			isa = XCBuildConfiguration;
			buildSettings = {
				ASSETCATALOG_COMPILER_APPICON_NAME = AppIcon;
				ASSETCATALOG_COMPILER_GLOBAL_ACCENT_COLOR_NAME = AccentColor;
				CODE_SIGN_STYLE = Automatic;
				DEVELOPMENT_ASSET_PATHS = "\"playfab-login/Preview Content\"";
				DEVELOPMENT_TEAM = F7H2MU2G5P;
				ENABLE_PREVIEWS = YES;
				INFOPLIST_FILE = "playfab-login/Info.plist";
				IPHONEOS_DEPLOYMENT_TARGET = 14.0;
				LD_RUNPATH_SEARCH_PATHS = (
					"$(inherited)",
					"@executable_path/Frameworks",
				);
				PRODUCT_BUNDLE_IDENTIFIER = "serika.playfab-login";
				PRODUCT_NAME = "$(TARGET_NAME)";
				SWIFT_VERSION = 5.0;
				TARGETED_DEVICE_FAMILY = "1,2";
			};
			name = Release;
		};
		723B13EA251B1E470012859F /* Debug */ = {
			isa = XCBuildConfiguration;
			buildSettings = {
				ALWAYS_EMBED_SWIFT_STANDARD_LIBRARIES = YES;
				BUNDLE_LOADER = "$(TEST_HOST)";
				CODE_SIGN_STYLE = Automatic;
				DEVELOPMENT_TEAM = F7H2MU2G5P;
				INFOPLIST_FILE = "playfab-loginTests/Info.plist";
				IPHONEOS_DEPLOYMENT_TARGET = 14.0;
				LD_RUNPATH_SEARCH_PATHS = (
					"$(inherited)",
					"@executable_path/Frameworks",
					"@loader_path/Frameworks",
				);
				PRODUCT_BUNDLE_IDENTIFIER = "serika.playfab-loginTests";
				PRODUCT_NAME = "$(TARGET_NAME)";
				SWIFT_VERSION = 5.0;
				TARGETED_DEVICE_FAMILY = "1,2";
				TEST_HOST = "$(BUILT_PRODUCTS_DIR)/playfab-login.app/playfab-login";
			};
			name = Debug;
		};
		723B13EB251B1E470012859F /* Release */ = {
			isa = XCBuildConfiguration;
			buildSettings = {
				ALWAYS_EMBED_SWIFT_STANDARD_LIBRARIES = YES;
				BUNDLE_LOADER = "$(TEST_HOST)";
				CODE_SIGN_STYLE = Automatic;
				DEVELOPMENT_TEAM = F7H2MU2G5P;
				INFOPLIST_FILE = "playfab-loginTests/Info.plist";
				IPHONEOS_DEPLOYMENT_TARGET = 14.0;
				LD_RUNPATH_SEARCH_PATHS = (
					"$(inherited)",
					"@executable_path/Frameworks",
					"@loader_path/Frameworks",
				);
				PRODUCT_BUNDLE_IDENTIFIER = "serika.playfab-loginTests";
				PRODUCT_NAME = "$(TARGET_NAME)";
				SWIFT_VERSION = 5.0;
				TARGETED_DEVICE_FAMILY = "1,2";
				TEST_HOST = "$(BUILT_PRODUCTS_DIR)/playfab-login.app/playfab-login";
			};
			name = Release;
		};
		723B13ED251B1E470012859F /* Debug */ = {
			isa = XCBuildConfiguration;
			buildSettings = {
				ALWAYS_EMBED_SWIFT_STANDARD_LIBRARIES = YES;
				CODE_SIGN_STYLE = Automatic;
				DEVELOPMENT_TEAM = F7H2MU2G5P;
				INFOPLIST_FILE = "playfab-loginUITests/Info.plist";
				LD_RUNPATH_SEARCH_PATHS = (
					"$(inherited)",
					"@executable_path/Frameworks",
					"@loader_path/Frameworks",
				);
				PRODUCT_BUNDLE_IDENTIFIER = "serika.playfab-loginUITests";
				PRODUCT_NAME = "$(TARGET_NAME)";
				SWIFT_VERSION = 5.0;
				TARGETED_DEVICE_FAMILY = "1,2";
				TEST_TARGET_NAME = "playfab-login";
			};
			name = Debug;
		};
		723B13EE251B1E470012859F /* Release */ = {
			isa = XCBuildConfiguration;
			buildSettings = {
				ALWAYS_EMBED_SWIFT_STANDARD_LIBRARIES = YES;
				CODE_SIGN_STYLE = Automatic;
				DEVELOPMENT_TEAM = F7H2MU2G5P;
				INFOPLIST_FILE = "playfab-loginUITests/Info.plist";
				LD_RUNPATH_SEARCH_PATHS = (
					"$(inherited)",
					"@executable_path/Frameworks",
					"@loader_path/Frameworks",
				);
				PRODUCT_BUNDLE_IDENTIFIER = "serika.playfab-loginUITests";
				PRODUCT_NAME = "$(TARGET_NAME)";
				SWIFT_VERSION = 5.0;
				TARGETED_DEVICE_FAMILY = "1,2";
				TEST_TARGET_NAME = "playfab-login";
			};
			name = Release;
		};
/* End XCBuildConfiguration section */

/* Begin XCConfigurationList section */
		723B13BC251B1E460012859F /* Build configuration list for PBXProject "playfab-login" */ = {
			isa = XCConfigurationList;
			buildConfigurations = (
				723B13E4251B1E470012859F /* Debug */,
				723B13E5251B1E470012859F /* Release */,
			);
			defaultConfigurationIsVisible = 0;
			defaultConfigurationName = Release;
		};
		723B13E6251B1E470012859F /* Build configuration list for PBXNativeTarget "playfab-login" */ = {
			isa = XCConfigurationList;
			buildConfigurations = (
				723B13E7251B1E470012859F /* Debug */,
				723B13E8251B1E470012859F /* Release */,
			);
			defaultConfigurationIsVisible = 0;
			defaultConfigurationName = Release;
		};
		723B13E9251B1E470012859F /* Build configuration list for PBXNativeTarget "playfab-loginTests" */ = {
			isa = XCConfigurationList;
			buildConfigurations = (
				723B13EA251B1E470012859F /* Debug */,
				723B13EB251B1E470012859F /* Release */,
			);
			defaultConfigurationIsVisible = 0;
			defaultConfigurationName = Release;
		};
		723B13EC251B1E470012859F /* Build configuration list for PBXNativeTarget "playfab-loginUITests" */ = {
			isa = XCConfigurationList;
			buildConfigurations = (
				723B13ED251B1E470012859F /* Debug */,
				723B13EE251B1E470012859F /* Release */,
			);
			defaultConfigurationIsVisible = 0;
			defaultConfigurationName = Release;
		};
/* End XCConfigurationList section */

/* Begin XCRemoteSwiftPackageReference section */
		723B13F8251B294E0012859F /* XCRemoteSwiftPackageReference "facebook-ios-sdk" */ = {
			isa = XCRemoteSwiftPackageReference;
			repositoryURL = "https://github.com/facebook/facebook-ios-sdk";
			requirement = {
				kind = upToNextMajorVersion;
				minimumVersion = 7.1.1;
			};
		};
		724B6334253186C900893108 /* XCRemoteSwiftPackageReference "Alamofire" */ = {
			isa = XCRemoteSwiftPackageReference;
			repositoryURL = "https://github.com/Alamofire/Alamofire.git";
			requirement = {
				kind = upToNextMajorVersion;
				minimumVersion = 5.2.2;
			};
		};
/* End XCRemoteSwiftPackageReference section */

/* Begin XCSwiftPackageProductDependency section */
		723B13F9251B294E0012859F /* FacebookLogin */ = {
			isa = XCSwiftPackageProductDependency;
			package = 723B13F8251B294E0012859F /* XCRemoteSwiftPackageReference "facebook-ios-sdk" */;
			productName = FacebookLogin;
		};
		724B6335253186C900893108 /* Alamofire */ = {
			isa = XCSwiftPackageProductDependency;
			package = 724B6334253186C900893108 /* XCRemoteSwiftPackageReference "Alamofire" */;
			productName = Alamofire;
		};
/* End XCSwiftPackageProductDependency section */
	};
	rootObject = 723B13B9251B1E460012859F /* Project object */;
}
